
Microsoft Visual Studio Solution File, Format Version 12.00
# Visual Studio Version 16
VisualStudioVersion = 16.0.30804.86
MinimumVisualStudioVersion = 10.0.40219.1
Project("{FAE04EC0-301F-11D3-BF4B-00C04F79EFBC}") = "RecordDemo", "RecordDemo\RecordDemo.csproj", "{B5520C30-D384-4467-BFAC-232D3F28FF40}"
EndProject
Global
	GlobalSection(SolutionConfigurationPlatforms) = preSolution
		Debug|Any CPU = Debug|Any CPU
		Release|Any CPU = Release|Any CPU
	EndGlobalSection
	GlobalSection(ProjectConfigurationPlatforms) = postSolution
		{B5520C30-D384-4467-BFAC-232D3F28FF40}.Debug|Any CPU.ActiveCfg = Debug|Any CPU
		{B5520C30-D384-4467-BFAC-232D3F28FF40}.Debug|Any CPU.Build.0 = Debug|Any CPU
		{B5520C30-D384-4467-BFAC-232D3F28FF40}.Release|Any CPU.ActiveCfg = Release|Any CPU
		{B5520C30-D384-4467-BFAC-232D3F28FF40}.Release|Any CPU.Build.0 = Release|Any CPU
	EndGlobalSection
	GlobalSection(SolutionProperties) = preSolution
		HideSolutionNode = FALSE
	EndGlobalSection
	GlobalSection(ExtensibilityGlobals) = postSolution
		SolutionGuid = {87A90276-E7D8-4A55-994C-18C4158188A1}
	EndGlobalSection
EndGlobal
